
Microsoft Visual Studio Solution File, Format Version 12.00
# Visual Studio Version 17
VisualStudioVersion = 17.1.32407.343
MinimumVisualStudioVersion = 10.0.40219.1
Project("{FAE04EC0-301F-11D3-BF4B-00C04F79EFBC}") = "InstagramPrivateAPI", "InstagramPrivateAPI.csproj", "{C808FBCA-E717-4F41-814A-1629AE8D5713}"
EndProject
Global
	GlobalSection(SolutionConfigurationPlatforms) = preSolution
		Debug|Any CPU = Debug|Any CPU
		Release|Any CPU = Release|Any CPU
	EndGlobalSection
	GlobalSection(ProjectConfigurationPlatforms) = postSolution
		{C808FBCA-E717-4F41-814A-1629AE8D5713}.Debug|Any CPU.ActiveCfg = Debug|Any CPU
		{C808FBCA-E717-4F41-814A-1629AE8D5713}.Debug|Any CPU.Build.0 = Debug|Any CPU
		{C808FBCA-E717-4F41-814A-1629AE8D5713}.Release|Any CPU.ActiveCfg = Release|Any CPU
		{C808FBCA-E717-4F41-814A-1629AE8D5713}.Release|Any CPU.Build.0 = Release|Any CPU
	EndGlobalSection
	GlobalSection(SolutionProperties) = preSolution
		HideSolutionNode = FALSE
	EndGlobalSection
	GlobalSection(ExtensibilityGlobals) = postSolution
		SolutionGuid = {37F574FA-D877-4E3F-84E7-0966108F0251}
	EndGlobalSection
EndGlobal
